{
  "name": "gthierman.github.io",
  "lockfileVersion": 2,
  "requires": true,
  "packages": {
    "": {
      "dependencies": {
        "@gthierman/scss-package": "^0.0.7"
      }
    },
    "node_modules/@gthierman/scss-package": {
      "version": "0.0.7",
      "resolved": "https://registry.npmjs.org/@gthierman/scss-package/-/scss-package-0.0.7.tgz",
      "integrity": "sha512-+IpG0Spv+1yooQncAPcP9fSI0GIfGm45+nWNaj+rNhvqSgM2w8onw33HmoTvaLJTOBH7nV2StncgVjhhfQpaLw=="
    }
  },
  "dependencies": {
    "@gthierman/scss-package": {
      "version": "0.0.7",
      "resolved": "https://registry.npmjs.org/@gthierman/scss-package/-/scss-package-0.0.7.tgz",
      "integrity": "sha512-+IpG0Spv+1yooQncAPcP9fSI0GIfGm45+nWNaj+rNhvqSgM2w8onw33HmoTvaLJTOBH7nV2StncgVjhhfQpaLw=="
    }
  }
}
