{
  "name": "gthierman.github.io",
  "lockfileVersion": 2,
  "requires": true,
  "packages": {
    "": {
      "dependencies": {
        "@gthierman/scss-package": "^0.0.8"
      }
    },
    "node_modules/@gthierman/scss-package": {
      "version": "0.0.8",
      "resolved": "https://registry.npmjs.org/@gthierman/scss-package/-/scss-package-0.0.8.tgz",
      "integrity": "sha512-KihzvAXmz1pW1dXIgDkIzi9gBzL6eTTbP6IcPgHP+VAqX0ienti3oMh1yzp2kH93mW7DLIJlw5mu58Bff8C06A=="
    }
  },
  "dependencies": {
    "@gthierman/scss-package": {
      "version": "0.0.8",
      "resolved": "https://registry.npmjs.org/@gthierman/scss-package/-/scss-package-0.0.8.tgz",
      "integrity": "sha512-KihzvAXmz1pW1dXIgDkIzi9gBzL6eTTbP6IcPgHP+VAqX0ienti3oMh1yzp2kH93mW7DLIJlw5mu58Bff8C06A=="
    }
  }
}
